// !$*UTF8*$!
{
	archiveVersion = 1;
	classes = {
	};
	objectVersion = 56;
	objects = {

/* Begin PBXBuildFile section */
		D553E7912C09234000DF2B30 /* AppDelegate.swift in Sources */ = {isa = PBXBuildFile; fileRef = D553E7902C09234000DF2B30 /* AppDelegate.swift */; };
		D553E7932C09234000DF2B30 /* SceneDelegate.swift in Sources */ = {isa = PBXBuildFile; fileRef = D553E7922C09234000DF2B30 /* SceneDelegate.swift */; };
		D553E7952C09234100DF2B30 /* ViewController.swift in Sources */ = {isa = PBXBuildFile; fileRef = D553E7942C09234100DF2B30 /* ViewController.swift */; };
		D553E7982C09234100DF2B30 /* Main.storyboard in Resources */ = {isa = PBXBuildFile; fileRef = D553E7962C09234100DF2B30 /* Main.storyboard */; };
		D553E79A2C09234700DF2B30 /* Assets.xcassets in Resources */ = {isa = PBXBuildFile; fileRef = D553E7992C09234700DF2B30 /* Assets.xcassets */; };
		D553E79D2C09234700DF2B30 /* LaunchScreen.storyboard in Resources */ = {isa = PBXBuildFile; fileRef = D553E79B2C09234700DF2B30 /* LaunchScreen.storyboard */; };
		D553E7AC2C093ED500DF2B30 /* ProductList.h in Headers */ = {isa = PBXBuildFile; fileRef = D553E7AB2C093ED500DF2B30 /* ProductList.h */; settings = {ATTRIBUTES = (Public, ); }; };
		D553E7AF2C093ED500DF2B30 /* ProductList.framework in Frameworks */ = {isa = PBXBuildFile; fileRef = D553E7A92C093ED500DF2B30 /* ProductList.framework */; };
		D553E7B02C093ED500DF2B30 /* ProductList.framework in Embed Frameworks */ = {isa = PBXBuildFile; fileRef = D553E7A92C093ED500DF2B30 /* ProductList.framework */; settings = {ATTRIBUTES = (CodeSignOnCopy, RemoveHeadersOnCopy, ); }; };
		D553E7B62C093EF800DF2B30 /* OpenClassProductList.swift in Sources */ = {isa = PBXBuildFile; fileRef = D553E7B52C093EF800DF2B30 /* OpenClassProductList.swift */; };
		D553E7B72C093EF800DF2B30 /* OpenClassProductList.swift in Sources */ = {isa = PBXBuildFile; fileRef = D553E7B52C093EF800DF2B30 /* OpenClassProductList.swift */; };
		D553E7BB2C093F9100DF2B30 /* ProductListViewController.swift in Sources */ = {isa = PBXBuildFile; fileRef = D553E7B92C093F9100DF2B30 /* ProductListViewController.swift */; };
		D553E7BC2C093F9100DF2B30 /* ProductListViewController.swift in Sources */ = {isa = PBXBuildFile; fileRef = D553E7B92C093F9100DF2B30 /* ProductListViewController.swift */; };
		D553E7BD2C093F9100DF2B30 /* ProductListViewController.xib in Resources */ = {isa = PBXBuildFile; fileRef = D553E7BA2C093F9100DF2B30 /* ProductListViewController.xib */; };
		D553E7BE2C093F9100DF2B30 /* ProductListViewController.xib in Resources */ = {isa = PBXBuildFile; fileRef = D553E7BA2C093F9100DF2B30 /* ProductListViewController.xib */; };
		D553E7C12C093FCB00DF2B30 /* ProductListPresenter.swift in Sources */ = {isa = PBXBuildFile; fileRef = D553E7C02C093FCB00DF2B30 /* ProductListPresenter.swift */; };
		D553E7C22C093FCB00DF2B30 /* ProductListPresenter.swift in Sources */ = {isa = PBXBuildFile; fileRef = D553E7C02C093FCB00DF2B30 /* ProductListPresenter.swift */; };
		D553E7C42C093FDA00DF2B30 /* ProductListInteractor.swift in Sources */ = {isa = PBXBuildFile; fileRef = D553E7C32C093FDA00DF2B30 /* ProductListInteractor.swift */; };
		D553E7C52C093FDA00DF2B30 /* ProductListInteractor.swift in Sources */ = {isa = PBXBuildFile; fileRef = D553E7C32C093FDA00DF2B30 /* ProductListInteractor.swift */; };
		D553E7C72C093FE300DF2B30 /* ProductListRouter.swift in Sources */ = {isa = PBXBuildFile; fileRef = D553E7C62C093FE300DF2B30 /* ProductListRouter.swift */; };
		D553E7C82C093FE300DF2B30 /* ProductListRouter.swift in Sources */ = {isa = PBXBuildFile; fileRef = D553E7C62C093FE300DF2B30 /* ProductListRouter.swift */; };
		D553E7CA2C093FF000DF2B30 /* ProductListProtocols.swift in Sources */ = {isa = PBXBuildFile; fileRef = D553E7C92C093FF000DF2B30 /* ProductListProtocols.swift */; };
		D553E7CB2C093FF000DF2B30 /* ProductListProtocols.swift in Sources */ = {isa = PBXBuildFile; fileRef = D553E7C92C093FF000DF2B30 /* ProductListProtocols.swift */; };
		D553E7CD2C09421200DF2B30 /* Extensions.swift in Sources */ = {isa = PBXBuildFile; fileRef = D553E7CC2C09421200DF2B30 /* Extensions.swift */; };
		D553E7CE2C09421200DF2B30 /* Extensions.swift in Sources */ = {isa = PBXBuildFile; fileRef = D553E7CC2C09421200DF2B30 /* Extensions.swift */; };
/* End PBXBuildFile section */

/* Begin PBXContainerItemProxy section */
		D553E7AD2C093ED500DF2B30 /* PBXContainerItemProxy */ = {
			isa = PBXContainerItemProxy;
			containerPortal = D553E7852C09234000DF2B30 /* Project object */;
			proxyType = 1;
			remoteGlobalIDString = D553E7A82C093ED500DF2B30;
			remoteInfo = ProductList;
		};
/* End PBXContainerItemProxy section */

/* Begin PBXCopyFilesBuildPhase section */
		D553E7B42C093ED500DF2B30 /* Embed Frameworks */ = {
			isa = PBXCopyFilesBuildPhase;
			buildActionMask = 2147483647;
			dstPath = "";
			dstSubfolderSpec = 10;
			files = (
				D553E7B02C093ED500DF2B30 /* ProductList.framework in Embed Frameworks */,
			);
			name = "Embed Frameworks";
			runOnlyForDeploymentPostprocessing = 0;
		};
/* End PBXCopyFilesBuildPhase section */

/* Begin PBXFileReference section */
		D553E78D2C09234000DF2B30 /* ListProductiOS.app */ = {isa = PBXFileReference; explicitFileType = wrapper.application; includeInIndex = 0; path = ListProductiOS.app; sourceTree = BUILT_PRODUCTS_DIR; };
		D553E7902C09234000DF2B30 /* AppDelegate.swift */ = {isa = PBXFileReference; lastKnownFileType = sourcecode.swift; path = AppDelegate.swift; sourceTree = "<group>"; };
		D553E7922C09234000DF2B30 /* SceneDelegate.swift */ = {isa = PBXFileReference; lastKnownFileType = sourcecode.swift; path = SceneDelegate.swift; sourceTree = "<group>"; };
		D553E7942C09234100DF2B30 /* ViewController.swift */ = {isa = PBXFileReference; lastKnownFileType = sourcecode.swift; path = ViewController.swift; sourceTree = "<group>"; };
		D553E7972C09234100DF2B30 /* Base */ = {isa = PBXFileReference; lastKnownFileType = file.storyboard; name = Base; path = Base.lproj/Main.storyboard; sourceTree = "<group>"; };
		D553E7992C09234700DF2B30 /* Assets.xcassets */ = {isa = PBXFileReference; lastKnownFileType = folder.assetcatalog; path = Assets.xcassets; sourceTree = "<group>"; };
		D553E79C2C09234700DF2B30 /* Base */ = {isa = PBXFileReference; lastKnownFileType = file.storyboard; name = Base; path = Base.lproj/LaunchScreen.storyboard; sourceTree = "<group>"; };
		D553E79E2C09234700DF2B30 /* Info.plist */ = {isa = PBXFileReference; lastKnownFileType = text.plist.xml; path = Info.plist; sourceTree = "<group>"; };
		D553E7A92C093ED500DF2B30 /* ProductList.framework */ = {isa = PBXFileReference; explicitFileType = wrapper.framework; includeInIndex = 0; path = ProductList.framework; sourceTree = BUILT_PRODUCTS_DIR; };
		D553E7AB2C093ED500DF2B30 /* ProductList.h */ = {isa = PBXFileReference; lastKnownFileType = sourcecode.c.h; path = ProductList.h; sourceTree = "<group>"; };
		D553E7B52C093EF800DF2B30 /* OpenClassProductList.swift */ = {isa = PBXFileReference; lastKnownFileType = sourcecode.swift; path = OpenClassProductList.swift; sourceTree = "<group>"; };
		D553E7B92C093F9100DF2B30 /* ProductListViewController.swift */ = {isa = PBXFileReference; lastKnownFileType = sourcecode.swift; path = ProductListViewController.swift; sourceTree = "<group>"; };
		D553E7BA2C093F9100DF2B30 /* ProductListViewController.xib */ = {isa = PBXFileReference; lastKnownFileType = file.xib; path = ProductListViewController.xib; sourceTree = "<group>"; };
		D553E7C02C093FCB00DF2B30 /* ProductListPresenter.swift */ = {isa = PBXFileReference; lastKnownFileType = sourcecode.swift; path = ProductListPresenter.swift; sourceTree = "<group>"; };
		D553E7C32C093FDA00DF2B30 /* ProductListInteractor.swift */ = {isa = PBXFileReference; lastKnownFileType = sourcecode.swift; path = ProductListInteractor.swift; sourceTree = "<group>"; };
		D553E7C62C093FE300DF2B30 /* ProductListRouter.swift */ = {isa = PBXFileReference; lastKnownFileType = sourcecode.swift; path = ProductListRouter.swift; sourceTree = "<group>"; };
		D553E7C92C093FF000DF2B30 /* ProductListProtocols.swift */ = {isa = PBXFileReference; lastKnownFileType = sourcecode.swift; path = ProductListProtocols.swift; sourceTree = "<group>"; };
		D553E7CC2C09421200DF2B30 /* Extensions.swift */ = {isa = PBXFileReference; lastKnownFileType = sourcecode.swift; path = Extensions.swift; sourceTree = "<group>"; };
/* End PBXFileReference section */

/* Begin PBXFrameworksBuildPhase section */
		D553E78A2C09234000DF2B30 /* Frameworks */ = {
			isa = PBXFrameworksBuildPhase;
			buildActionMask = 2147483647;
			files = (
				D553E7AF2C093ED500DF2B30 /* ProductList.framework in Frameworks */,
			);
			runOnlyForDeploymentPostprocessing = 0;
		};
		D553E7A62C093ED500DF2B30 /* Frameworks */ = {
			isa = PBXFrameworksBuildPhase;
			buildActionMask = 2147483647;
			files = (
			);
			runOnlyForDeploymentPostprocessing = 0;
		};
/* End PBXFrameworksBuildPhase section */

/* Begin PBXGroup section */
		D553E7842C09234000DF2B30 = {
			isa = PBXGroup;
			children = (
				D553E78F2C09234000DF2B30 /* ListProductiOS */,
				D553E7AA2C093ED500DF2B30 /* ProductList */,
				D553E78E2C09234000DF2B30 /* Products */,
			);
			sourceTree = "<group>";
		};
		D553E78E2C09234000DF2B30 /* Products */ = {
			isa = PBXGroup;
			children = (
				D553E78D2C09234000DF2B30 /* ListProductiOS.app */,
				D553E7A92C093ED500DF2B30 /* ProductList.framework */,
			);
			name = Products;
			sourceTree = "<group>";
		};
		D553E78F2C09234000DF2B30 /* ListProductiOS */ = {
			isa = PBXGroup;
			children = (
				D553E7902C09234000DF2B30 /* AppDelegate.swift */,
				D553E7922C09234000DF2B30 /* SceneDelegate.swift */,
				D553E7942C09234100DF2B30 /* ViewController.swift */,
				D553E7962C09234100DF2B30 /* Main.storyboard */,
				D553E7992C09234700DF2B30 /* Assets.xcassets */,
				D553E79B2C09234700DF2B30 /* LaunchScreen.storyboard */,
				D553E79E2C09234700DF2B30 /* Info.plist */,
			);
			path = ListProductiOS;
			sourceTree = "<group>";
		};
		D553E7AA2C093ED500DF2B30 /* ProductList */ = {
			isa = PBXGroup;
			children = (
				D553E7B82C093EFD00DF2B30 /* OpenClass */,
				D553E7BF2C093FA900DF2B30 /* Modules */,
				D553E7AB2C093ED500DF2B30 /* ProductList.h */,
				D553E7CF2C09421700DF2B30 /* Tools */,
			);
			path = ProductList;
			sourceTree = "<group>";
		};
		D553E7B82C093EFD00DF2B30 /* OpenClass */ = {
			isa = PBXGroup;
			children = (
				D553E7B52C093EF800DF2B30 /* OpenClassProductList.swift */,
			);
			path = OpenClass;
			sourceTree = "<group>";
		};
		D553E7BF2C093FA900DF2B30 /* Modules */ = {
			isa = PBXGroup;
			children = (
				D553E7B92C093F9100DF2B30 /* ProductListViewController.swift */,
				D553E7C02C093FCB00DF2B30 /* ProductListPresenter.swift */,
				D553E7C32C093FDA00DF2B30 /* ProductListInteractor.swift */,
				D553E7C62C093FE300DF2B30 /* ProductListRouter.swift */,
				D553E7C92C093FF000DF2B30 /* ProductListProtocols.swift */,
				D553E7BA2C093F9100DF2B30 /* ProductListViewController.xib */,
			);
			path = Modules;
			sourceTree = "<group>";
		};
		D553E7CF2C09421700DF2B30 /* Tools */ = {
			isa = PBXGroup;
			children = (
				D553E7CC2C09421200DF2B30 /* Extensions.swift */,
			);
			path = Tools;
			sourceTree = "<group>";
		};
/* End PBXGroup section */

/* Begin PBXHeadersBuildPhase section */
		D553E7A42C093ED500DF2B30 /* Headers */ = {
			isa = PBXHeadersBuildPhase;
			buildActionMask = 2147483647;
			files = (
				D553E7AC2C093ED500DF2B30 /* ProductList.h in Headers */,
			);
			runOnlyForDeploymentPostprocessing = 0;
		};
/* End PBXHeadersBuildPhase section */

/* Begin PBXNativeTarget section */
		D553E78C2C09234000DF2B30 /* ListProductiOS */ = {
			isa = PBXNativeTarget;
			buildConfigurationList = D553E7A12C09234700DF2B30 /* Build configuration list for PBXNativeTarget "ListProductiOS" */;
			buildPhases = (
				D553E7892C09234000DF2B30 /* Sources */,
				D553E78A2C09234000DF2B30 /* Frameworks */,
				D553E78B2C09234000DF2B30 /* Resources */,
				D553E7B42C093ED500DF2B30 /* Embed Frameworks */,
			);
			buildRules = (
			);
			dependencies = (
				D553E7AE2C093ED500DF2B30 /* PBXTargetDependency */,
			);
			name = ListProductiOS;
			productName = ListProductiOS;
			productReference = D553E78D2C09234000DF2B30 /* ListProductiOS.app */;
			productType = "com.apple.product-type.application";
		};
		D553E7A82C093ED500DF2B30 /* ProductList */ = {
			isa = PBXNativeTarget;
			buildConfigurationList = D553E7B12C093ED500DF2B30 /* Build configuration list for PBXNativeTarget "ProductList" */;
			buildPhases = (
				D553E7A42C093ED500DF2B30 /* Headers */,
				D553E7A52C093ED500DF2B30 /* Sources */,
				D553E7A62C093ED500DF2B30 /* Frameworks */,
				D553E7A72C093ED500DF2B30 /* Resources */,
			);
			buildRules = (
			);
			dependencies = (
			);
			name = ProductList;
			productName = ProductList;
			productReference = D553E7A92C093ED500DF2B30 /* ProductList.framework */;
			productType = "com.apple.product-type.framework";
		};
/* End PBXNativeTarget section */

/* Begin PBXProject section */
		D553E7852C09234000DF2B30 /* Project object */ = {
			isa = PBXProject;
			attributes = {
				BuildIndependentTargetsInParallel = 1;
				LastSwiftUpdateCheck = 1420;
				LastUpgradeCheck = 1420;
				TargetAttributes = {
					D553E78C2C09234000DF2B30 = {
						CreatedOnToolsVersion = 14.2;
					};
					D553E7A82C093ED500DF2B30 = {
						CreatedOnToolsVersion = 14.2;
						LastSwiftMigration = 1420;
					};
				};
			};
			buildConfigurationList = D553E7882C09234000DF2B30 /* Build configuration list for PBXProject "ListProductiOS" */;
			compatibilityVersion = "Xcode 14.0";
			developmentRegion = en;
			hasScannedForEncodings = 0;
			knownRegions = (
				en,
				Base,
			);
			mainGroup = D553E7842C09234000DF2B30;
			productRefGroup = D553E78E2C09234000DF2B30 /* Products */;
			projectDirPath = "";
			projectRoot = "";
			targets = (
				D553E78C2C09234000DF2B30 /* ListProductiOS */,
				D553E7A82C093ED500DF2B30 /* ProductList */,
			);
		};
/* End PBXProject section */

/* Begin PBXResourcesBuildPhase section */
		D553E78B2C09234000DF2B30 /* Resources */ = {
			isa = PBXResourcesBuildPhase;
			buildActionMask = 2147483647;
			files = (
				D553E79D2C09234700DF2B30 /* LaunchScreen.storyboard in Resources */,
				D553E79A2C09234700DF2B30 /* Assets.xcassets in Resources */,
				D553E7BD2C093F9100DF2B30 /* ProductListViewController.xib in Resources */,
				D553E7982C09234100DF2B30 /* Main.storyboard in Resources */,
			);
			runOnlyForDeploymentPostprocessing = 0;
		};
		D553E7A72C093ED500DF2B30 /* Resources */ = {
			isa = PBXResourcesBuildPhase;
			buildActionMask = 2147483647;
			files = (
				D553E7BE2C093F9100DF2B30 /* ProductListViewController.xib in Resources */,
			);
			runOnlyForDeploymentPostprocessing = 0;
		};
/* End PBXResourcesBuildPhase section */

/* Begin PBXSourcesBuildPhase section */
		D553E7892C09234000DF2B30 /* Sources */ = {
			isa = PBXSourcesBuildPhase;
			buildActionMask = 2147483647;
			files = (
				D553E7C72C093FE300DF2B30 /* ProductListRouter.swift in Sources */,
				D553E7952C09234100DF2B30 /* ViewController.swift in Sources */,
				D553E7C42C093FDA00DF2B30 /* ProductListInteractor.swift in Sources */,
				D553E7912C09234000DF2B30 /* AppDelegate.swift in Sources */,
				D553E7BB2C093F9100DF2B30 /* ProductListViewController.swift in Sources */,
				D553E7CD2C09421200DF2B30 /* Extensions.swift in Sources */,
				D553E7B62C093EF800DF2B30 /* OpenClassProductList.swift in Sources */,
				D553E7C12C093FCB00DF2B30 /* ProductListPresenter.swift in Sources */,
				D553E7CA2C093FF000DF2B30 /* ProductListProtocols.swift in Sources */,
				D553E7932C09234000DF2B30 /* SceneDelegate.swift in Sources */,
			);
			runOnlyForDeploymentPostprocessing = 0;
		};
		D553E7A52C093ED500DF2B30 /* Sources */ = {
			isa = PBXSourcesBuildPhase;
			buildActionMask = 2147483647;
			files = (
				D553E7BC2C093F9100DF2B30 /* ProductListViewController.swift in Sources */,
				D553E7CB2C093FF000DF2B30 /* ProductListProtocols.swift in Sources */,
				D553E7C22C093FCB00DF2B30 /* ProductListPresenter.swift in Sources */,
				D553E7C52C093FDA00DF2B30 /* ProductListInteractor.swift in Sources */,
				D553E7B72C093EF800DF2B30 /* OpenClassProductList.swift in Sources */,
				D553E7C82C093FE300DF2B30 /* ProductListRouter.swift in Sources */,
				D553E7CE2C09421200DF2B30 /* Extensions.swift in Sources */,
			);
			runOnlyForDeploymentPostprocessing = 0;
		};
/* End PBXSourcesBuildPhase section */

/* Begin PBXTargetDependency section */
		D553E7AE2C093ED500DF2B30 /* PBXTargetDependency */ = {
			isa = PBXTargetDependency;
			target = D553E7A82C093ED500DF2B30 /* ProductList */;
			targetProxy = D553E7AD2C093ED500DF2B30 /* PBXContainerItemProxy */;
		};
/* End PBXTargetDependency section */

/* Begin PBXVariantGroup section */
		D553E7962C09234100DF2B30 /* Main.storyboard */ = {
			isa = PBXVariantGroup;
			children = (
				D553E7972C09234100DF2B30 /* Base */,
			);
			name = Main.storyboard;
			sourceTree = "<group>";
		};
		D553E79B2C09234700DF2B30 /* LaunchScreen.storyboard */ = {
			isa = PBXVariantGroup;
			children = (
				D553E79C2C09234700DF2B30 /* Base */,
			);
			name = LaunchScreen.storyboard;
			sourceTree = "<group>";
		};
/* End PBXVariantGroup section */

/* Begin XCBuildConfiguration section */
		D553E79F2C09234700DF2B30 /* Debug */ = {
			isa = XCBuildConfiguration;
			buildSettings = {
				ALWAYS_SEARCH_USER_PATHS = NO;
				CLANG_ANALYZER_NONNULL = YES;
				CLANG_ANALYZER_NUMBER_OBJECT_CONVERSION = YES_AGGRESSIVE;
				CLANG_CXX_LANGUAGE_STANDARD = "gnu++20";
				CLANG_ENABLE_MODULES = YES;
				CLANG_ENABLE_OBJC_ARC = YES;
				CLANG_ENABLE_OBJC_WEAK = YES;
				CLANG_WARN_BLOCK_CAPTURE_AUTORELEASING = YES;
				CLANG_WARN_BOOL_CONVERSION = YES;
				CLANG_WARN_COMMA = YES;
				CLANG_WARN_CONSTANT_CONVERSION = YES;
				CLANG_WARN_DEPRECATED_OBJC_IMPLEMENTATIONS = YES;
				CLANG_WARN_DIRECT_OBJC_ISA_USAGE = YES_ERROR;
				CLANG_WARN_DOCUMENTATION_COMMENTS = YES;
				CLANG_WARN_EMPTY_BODY = YES;
				CLANG_WARN_ENUM_CONVERSION = YES;
				CLANG_WARN_INFINITE_RECURSION = YES;
				CLANG_WARN_INT_CONVERSION = YES;
				CLANG_WARN_NON_LITERAL_NULL_CONVERSION = YES;
				CLANG_WARN_OBJC_IMPLICIT_RETAIN_SELF = YES;
				CLANG_WARN_OBJC_LITERAL_CONVERSION = YES;
				CLANG_WARN_OBJC_ROOT_CLASS = YES_ERROR;
				CLANG_WARN_QUOTED_INCLUDE_IN_FRAMEWORK_HEADER = YES;
				CLANG_WARN_RANGE_LOOP_ANALYSIS = YES;
				CLANG_WARN_STRICT_PROTOTYPES = YES;
				CLANG_WARN_SUSPICIOUS_MOVE = YES;
				CLANG_WARN_UNGUARDED_AVAILABILITY = YES_AGGRESSIVE;
				CLANG_WARN_UNREACHABLE_CODE = YES;
				CLANG_WARN__DUPLICATE_METHOD_MATCH = YES;
				COPY_PHASE_STRIP = NO;
				DEBUG_INFORMATION_FORMAT = dwarf;
				ENABLE_STRICT_OBJC_MSGSEND = YES;
				ENABLE_TESTABILITY = YES;
				GCC_C_LANGUAGE_STANDARD = gnu11;
				GCC_DYNAMIC_NO_PIC = NO;
				GCC_NO_COMMON_BLOCKS = YES;
				GCC_OPTIMIZATION_LEVEL = 0;
				GCC_PREPROCESSOR_DEFINITIONS = (
					"DEBUG=1",
					"$(inherited)",
				);
				GCC_WARN_64_TO_32_BIT_CONVERSION = YES;
				GCC_WARN_ABOUT_RETURN_TYPE = YES_ERROR;
				GCC_WARN_UNDECLARED_SELECTOR = YES;
				GCC_WARN_UNINITIALIZED_AUTOS = YES_AGGRESSIVE;
				GCC_WARN_UNUSED_FUNCTION = YES;
				GCC_WARN_UNUSED_VARIABLE = YES;
				IPHONEOS_DEPLOYMENT_TARGET = 16.2;
				MTL_ENABLE_DEBUG_INFO = INCLUDE_SOURCE;
				MTL_FAST_MATH = YES;
				ONLY_ACTIVE_ARCH = YES;
				SDKROOT = iphoneos;
				SWIFT_ACTIVE_COMPILATION_CONDITIONS = DEBUG;
				SWIFT_OPTIMIZATION_LEVEL = "-Onone";
			};
			name = Debug;
		};
		D553E7A02C09234700DF2B30 /* Release */ = {
			isa = XCBuildConfiguration;
			buildSettings = {
				ALWAYS_SEARCH_USER_PATHS = NO;
				CLANG_ANALYZER_NONNULL = YES;
				CLANG_ANALYZER_NUMBER_OBJECT_CONVERSION = YES_AGGRESSIVE;
				CLANG_CXX_LANGUAGE_STANDARD = "gnu++20";
				CLANG_ENABLE_MODULES = YES;
				CLANG_ENABLE_OBJC_ARC = YES;
				CLANG_ENABLE_OBJC_WEAK = YES;
				CLANG_WARN_BLOCK_CAPTURE_AUTORELEASING = YES;
				CLANG_WARN_BOOL_CONVERSION = YES;
				CLANG_WARN_COMMA = YES;
				CLANG_WARN_CONSTANT_CONVERSION = YES;
				CLANG_WARN_DEPRECATED_OBJC_IMPLEMENTATIONS = YES;
				CLANG_WARN_DIRECT_OBJC_ISA_USAGE = YES_ERROR;
				CLANG_WARN_DOCUMENTATION_COMMENTS = YES;
				CLANG_WARN_EMPTY_BODY = YES;
				CLANG_WARN_ENUM_CONVERSION = YES;
				CLANG_WARN_INFINITE_RECURSION = YES;
				CLANG_WARN_INT_CONVERSION = YES;
				CLANG_WARN_NON_LITERAL_NULL_CONVERSION = YES;
				CLANG_WARN_OBJC_IMPLICIT_RETAIN_SELF = YES;
				CLANG_WARN_OBJC_LITERAL_CONVERSION = YES;
				CLANG_WARN_OBJC_ROOT_CLASS = YES_ERROR;
				CLANG_WARN_QUOTED_INCLUDE_IN_FRAMEWORK_HEADER = YES;
				CLANG_WARN_RANGE_LOOP_ANALYSIS = YES;
				CLANG_WARN_STRICT_PROTOTYPES = YES;
				CLANG_WARN_SUSPICIOUS_MOVE = YES;
				CLANG_WARN_UNGUARDED_AVAILABILITY = YES_AGGRESSIVE;
				CLANG_WARN_UNREACHABLE_CODE = YES;
				CLANG_WARN__DUPLICATE_METHOD_MATCH = YES;
				COPY_PHASE_STRIP = NO;
				DEBUG_INFORMATION_FORMAT = "dwarf-with-dsym";
				ENABLE_NS_ASSERTIONS = NO;
				ENABLE_STRICT_OBJC_MSGSEND = YES;
				GCC_C_LANGUAGE_STANDARD = gnu11;
				GCC_NO_COMMON_BLOCKS = YES;
				GCC_WARN_64_TO_32_BIT_CONVERSION = YES;
				GCC_WARN_ABOUT_RETURN_TYPE = YES_ERROR;
				GCC_WARN_UNDECLARED_SELECTOR = YES;
				GCC_WARN_UNINITIALIZED_AUTOS = YES_AGGRESSIVE;
				GCC_WARN_UNUSED_FUNCTION = YES;
				GCC_WARN_UNUSED_VARIABLE = YES;
				IPHONEOS_DEPLOYMENT_TARGET = 16.2;
				MTL_ENABLE_DEBUG_INFO = NO;
				MTL_FAST_MATH = YES;
				SDKROOT = iphoneos;
				SWIFT_COMPILATION_MODE = wholemodule;
				SWIFT_OPTIMIZATION_LEVEL = "-O";
				VALIDATE_PRODUCT = YES;
			};
			name = Release;
		};
		D553E7A22C09234700DF2B30 /* Debug */ = {
			isa = XCBuildConfiguration;
			buildSettings = {
				ALWAYS_EMBED_SWIFT_STANDARD_LIBRARIES = YES;
				ASSETCATALOG_COMPILER_APPICON_NAME = AppIcon;
				ASSETCATALOG_COMPILER_GLOBAL_ACCENT_COLOR_NAME = AccentColor;
				CODE_SIGN_STYLE = Automatic;
				CURRENT_PROJECT_VERSION = 1;
				GENERATE_INFOPLIST_FILE = YES;
				INFOPLIST_FILE = ListProductiOS/Info.plist;
				INFOPLIST_KEY_UIApplicationSupportsIndirectInputEvents = YES;
				INFOPLIST_KEY_UILaunchStoryboardName = LaunchScreen;
				INFOPLIST_KEY_UIMainStoryboardFile = Main;
				INFOPLIST_KEY_UISupportedInterfaceOrientations_iPad = "UIInterfaceOrientationPortrait UIInterfaceOrientationPortraitUpsideDown UIInterfaceOrientationLandscapeLeft UIInterfaceOrientationLandscapeRight";
				INFOPLIST_KEY_UISupportedInterfaceOrientations_iPhone = "UIInterfaceOrientationPortrait UIInterfaceOrientationLandscapeLeft UIInterfaceOrientationLandscapeRight";
				LD_RUNPATH_SEARCH_PATHS = (
					"$(inherited)",
					"@executable_path/Frameworks",
				);
				MARKETING_VERSION = 1.0;
				PRODUCT_BUNDLE_IDENTIFIER = JessicaVera.ListProductiOS;
				PRODUCT_NAME = "$(TARGET_NAME)";
				SWIFT_EMIT_LOC_STRINGS = YES;
				SWIFT_VERSION = 5.0;
				TARGETED_DEVICE_FAMILY = "1,2";
			};
			name = Debug;
		};
		D553E7A32C09234700DF2B30 /* Release */ = {
			isa = XCBuildConfiguration;
			buildSettings = {
				ALWAYS_EMBED_SWIFT_STANDARD_LIBRARIES = YES;
				ASSETCATALOG_COMPILER_APPICON_NAME = AppIcon;
				ASSETCATALOG_COMPILER_GLOBAL_ACCENT_COLOR_NAME = AccentColor;
				CODE_SIGN_STYLE = Automatic;
				CURRENT_PROJECT_VERSION = 1;
				GENERATE_INFOPLIST_FILE = YES;
				INFOPLIST_FILE = ListProductiOS/Info.plist;
				INFOPLIST_KEY_UIApplicationSupportsIndirectInputEvents = YES;
				INFOPLIST_KEY_UILaunchStoryboardName = LaunchScreen;
				INFOPLIST_KEY_UIMainStoryboardFile = Main;
				INFOPLIST_KEY_UISupportedInterfaceOrientations_iPad = "UIInterfaceOrientationPortrait UIInterfaceOrientationPortraitUpsideDown UIInterfaceOrientationLandscapeLeft UIInterfaceOrientationLandscapeRight";
				INFOPLIST_KEY_UISupportedInterfaceOrientations_iPhone = "UIInterfaceOrientationPortrait UIInterfaceOrientationLandscapeLeft UIInterfaceOrientationLandscapeRight";
				LD_RUNPATH_SEARCH_PATHS = (
					"$(inherited)",
					"@executable_path/Frameworks",
				);
				MARKETING_VERSION = 1.0;
				PRODUCT_BUNDLE_IDENTIFIER = JessicaVera.ListProductiOS;
				PRODUCT_NAME = "$(TARGET_NAME)";
				SWIFT_EMIT_LOC_STRINGS = YES;
				SWIFT_VERSION = 5.0;
				TARGETED_DEVICE_FAMILY = "1,2";
			};
			name = Release;
		};
		D553E7B22C093ED500DF2B30 /* Debug */ = {
			isa = XCBuildConfiguration;
			buildSettings = {
				CLANG_ENABLE_MODULES = YES;
				CODE_SIGN_STYLE = Automatic;
				CURRENT_PROJECT_VERSION = 1;
				DEFINES_MODULE = YES;
				DYLIB_COMPATIBILITY_VERSION = 1;
				DYLIB_CURRENT_VERSION = 1;
				DYLIB_INSTALL_NAME_BASE = "@rpath";
				GENERATE_INFOPLIST_FILE = YES;
				INFOPLIST_KEY_NSHumanReadableCopyright = "";
				INSTALL_PATH = "$(LOCAL_LIBRARY_DIR)/Frameworks";
				LD_RUNPATH_SEARCH_PATHS = (
					"$(inherited)",
					"@executable_path/Frameworks",
					"@loader_path/Frameworks",
				);
				MARKETING_VERSION = 1.0;
				PRODUCT_BUNDLE_IDENTIFIER = JessicaVera.ProductList;
				PRODUCT_NAME = "$(TARGET_NAME:c99extidentifier)";
				SKIP_INSTALL = YES;
				SWIFT_EMIT_LOC_STRINGS = YES;
				SWIFT_OPTIMIZATION_LEVEL = "-Onone";
				SWIFT_VERSION = 5.0;
				TARGETED_DEVICE_FAMILY = "1,2";
				VERSIONING_SYSTEM = "apple-generic";
				VERSION_INFO_PREFIX = "";
			};
			name = Debug;
		};
		D553E7B32C093ED500DF2B30 /* Release */ = {
			isa = XCBuildConfiguration;
			buildSettings = {
				CLANG_ENABLE_MODULES = YES;
				CODE_SIGN_STYLE = Automatic;
				CURRENT_PROJECT_VERSION = 1;
				DEFINES_MODULE = YES;
				DYLIB_COMPATIBILITY_VERSION = 1;
				DYLIB_CURRENT_VERSION = 1;
				DYLIB_INSTALL_NAME_BASE = "@rpath";
				GENERATE_INFOPLIST_FILE = YES;
				INFOPLIST_KEY_NSHumanReadableCopyright = "";
				INSTALL_PATH = "$(LOCAL_LIBRARY_DIR)/Frameworks";
				LD_RUNPATH_SEARCH_PATHS = (
					"$(inherited)",
					"@executable_path/Frameworks",
					"@loader_path/Frameworks",
				);
				MARKETING_VERSION = 1.0;
				PRODUCT_BUNDLE_IDENTIFIER = JessicaVera.ProductList;
				PRODUCT_NAME = "$(TARGET_NAME:c99extidentifier)";
				SKIP_INSTALL = YES;
				SWIFT_EMIT_LOC_STRINGS = YES;
				SWIFT_VERSION = 5.0;
				TARGETED_DEVICE_FAMILY = "1,2";
				VERSIONING_SYSTEM = "apple-generic";
				VERSION_INFO_PREFIX = "";
			};
			name = Release;
		};
/* End XCBuildConfiguration section */

/* Begin XCConfigurationList section */
		D553E7882C09234000DF2B30 /* Build configuration list for PBXProject "ListProductiOS" */ = {
			isa = XCConfigurationList;
			buildConfigurations = (
				D553E79F2C09234700DF2B30 /* Debug */,
				D553E7A02C09234700DF2B30 /* Release */,
			);
			defaultConfigurationIsVisible = 0;
			defaultConfigurationName = Release;
		};
		D553E7A12C09234700DF2B30 /* Build configuration list for PBXNativeTarget "ListProductiOS" */ = {
			isa = XCConfigurationList;
			buildConfigurations = (
				D553E7A22C09234700DF2B30 /* Debug */,
				D553E7A32C09234700DF2B30 /* Release */,
			);
			defaultConfigurationIsVisible = 0;
			defaultConfigurationName = Release;
		};
		D553E7B12C093ED500DF2B30 /* Build configuration list for PBXNativeTarget "ProductList" */ = {
			isa = XCConfigurationList;
			buildConfigurations = (
				D553E7B22C093ED500DF2B30 /* Debug */,
				D553E7B32C093ED500DF2B30 /* Release */,
			);
			defaultConfigurationIsVisible = 0;
			defaultConfigurationName = Release;
		};
/* End XCConfigurationList section */
	};
	rootObject = D553E7852C09234000DF2B30 /* Project object */;
}
